
Microsoft Visual Studio Solution File, Format Version 12.00
# Visual Studio Version 16
VisualStudioVersion = 16.0.32802.440
MinimumVisualStudioVersion = 10.0.40219.1
Project("{FAE04EC0-301F-11D3-BF4B-00C04F79EFBC}") = "AppETB", "AppETB\AppETB.csproj", "{FFF7BA4C-946D-44C1-8D42-3D6B41677D4A}"
EndProject
Project("{FAE04EC0-301F-11D3-BF4B-00C04F79EFBC}") = "App.ControlProcesos", "App.GestionProcesos\App.ControlProcesos.csproj", "{40F2F888-598C-4E6E-98EA-D6487974529B}"
EndProject
Project("{FAE04EC0-301F-11D3-BF4B-00C04F79EFBC}") = "App.ControlInsumos", "App.ControlInsumos\App.ControlInsumos.csproj", "{4C0FF5AC-7EF4-4ADA-A1E3-C707587EFEA4}"
EndProject
Project("{FAE04EC0-301F-11D3-BF4B-00C04F79EFBC}") = "App.ControlEjecucion", "App.ControlEjecucion\App.ControlEjecucion.csproj", "{FC4E3081-2053-4827-AA22-596896D48D3C}"
EndProject
Project("{FAE04EC0-301F-11D3-BF4B-00C04F79EFBC}") = "App.Variables", "App.Variables\App.Variables.csproj", "{0F950AD7-BB7A-4B67-BA38-164CAAE7B775}"
EndProject
Project("{FAE04EC0-301F-11D3-BF4B-00C04F79EFBC}") = "App.ControlLogicaProcesos", "App.ControlLogicaProcesos\App.ControlLogicaProcesos.csproj", "{B534A069-B12F-4B13-8721-5C0F463B0377}"
EndProject
Global
	GlobalSection(SolutionConfigurationPlatforms) = preSolution
		Debug|Any CPU = Debug|Any CPU
		Release|Any CPU = Release|Any CPU
	EndGlobalSection
	GlobalSection(ProjectConfigurationPlatforms) = postSolution
		{FFF7BA4C-946D-44C1-8D42-3D6B41677D4A}.Debug|Any CPU.ActiveCfg = Debug|Any CPU
		{FFF7BA4C-946D-44C1-8D42-3D6B41677D4A}.Debug|Any CPU.Build.0 = Debug|Any CPU
		{FFF7BA4C-946D-44C1-8D42-3D6B41677D4A}.Release|Any CPU.ActiveCfg = Release|Any CPU
		{FFF7BA4C-946D-44C1-8D42-3D6B41677D4A}.Release|Any CPU.Build.0 = Release|Any CPU
		{40F2F888-598C-4E6E-98EA-D6487974529B}.Debug|Any CPU.ActiveCfg = Debug|Any CPU
		{40F2F888-598C-4E6E-98EA-D6487974529B}.Debug|Any CPU.Build.0 = Debug|Any CPU
		{40F2F888-598C-4E6E-98EA-D6487974529B}.Release|Any CPU.ActiveCfg = Release|Any CPU
		{40F2F888-598C-4E6E-98EA-D6487974529B}.Release|Any CPU.Build.0 = Release|Any CPU
		{4C0FF5AC-7EF4-4ADA-A1E3-C707587EFEA4}.Debug|Any CPU.ActiveCfg = Debug|Any CPU
		{4C0FF5AC-7EF4-4ADA-A1E3-C707587EFEA4}.Debug|Any CPU.Build.0 = Debug|Any CPU
		{4C0FF5AC-7EF4-4ADA-A1E3-C707587EFEA4}.Release|Any CPU.ActiveCfg = Release|Any CPU
		{4C0FF5AC-7EF4-4ADA-A1E3-C707587EFEA4}.Release|Any CPU.Build.0 = Release|Any CPU
		{FC4E3081-2053-4827-AA22-596896D48D3C}.Debug|Any CPU.ActiveCfg = Debug|Any CPU
		{FC4E3081-2053-4827-AA22-596896D48D3C}.Debug|Any CPU.Build.0 = Debug|Any CPU
		{FC4E3081-2053-4827-AA22-596896D48D3C}.Release|Any CPU.ActiveCfg = Release|Any CPU
		{FC4E3081-2053-4827-AA22-596896D48D3C}.Release|Any CPU.Build.0 = Release|Any CPU
		{0F950AD7-BB7A-4B67-BA38-164CAAE7B775}.Debug|Any CPU.ActiveCfg = Debug|Any CPU
		{0F950AD7-BB7A-4B67-BA38-164CAAE7B775}.Debug|Any CPU.Build.0 = Debug|Any CPU
		{0F950AD7-BB7A-4B67-BA38-164CAAE7B775}.Release|Any CPU.ActiveCfg = Release|Any CPU
		{0F950AD7-BB7A-4B67-BA38-164CAAE7B775}.Release|Any CPU.Build.0 = Release|Any CPU
		{B534A069-B12F-4B13-8721-5C0F463B0377}.Debug|Any CPU.ActiveCfg = Debug|Any CPU
		{B534A069-B12F-4B13-8721-5C0F463B0377}.Debug|Any CPU.Build.0 = Debug|Any CPU
		{B534A069-B12F-4B13-8721-5C0F463B0377}.Release|Any CPU.ActiveCfg = Release|Any CPU
		{B534A069-B12F-4B13-8721-5C0F463B0377}.Release|Any CPU.Build.0 = Release|Any CPU
	EndGlobalSection
	GlobalSection(SolutionProperties) = preSolution
		HideSolutionNode = FALSE
	EndGlobalSection
	GlobalSection(ExtensibilityGlobals) = postSolution
		SolutionGuid = {F5F3992B-7B88-47E5-A4C4-4AEB14E2A7B2}
	EndGlobalSection
EndGlobal
